{
  "name": "Script",
  "lockfileVersion": 3,
  "requires": true,
  "packages": {
    "": {
      "dependencies": {
        "node-gameloop": "^0.1.4"
      }
    },
    "node_modules/node-gameloop": {
      "version": "0.1.4",
      "resolved": "https://registry.npmjs.org/node-gameloop/-/node-gameloop-0.1.4.tgz",
      "integrity": "sha512-pXIAdaCb/LGZnceG3tK6bUxtd5Prg/ttDPOTNL+NS/GJxOeToR5PtdERQ8QQ+vWKU2scMs2tLHIgmiyazMxgEg=="
    }
  }
}
